
Microsoft Visual Studio Solution File, Format Version 12.00
# Visual Studio 15
VisualStudioVersion = 15.0.28010.2041
MinimumVisualStudioVersion = 10.0.40219.1
Project("{FAE04EC0-301F-11D3-BF4B-00C04F79EFBC}") = "TimeTable", "TimeTable\TimeTable.csproj", "{50A05B5F-E3C7-40E9-8652-62A48FC94017}"
EndProject
Global
	GlobalSection(SolutionConfigurationPlatforms) = preSolution
		Debug|Any CPU = Debug|Any CPU
		Release|Any CPU = Release|Any CPU
	EndGlobalSection
	GlobalSection(ProjectConfigurationPlatforms) = postSolution
		{50A05B5F-E3C7-40E9-8652-62A48FC94017}.Debug|Any CPU.ActiveCfg = Debug|Any CPU
		{50A05B5F-E3C7-40E9-8652-62A48FC94017}.Debug|Any CPU.Build.0 = Debug|Any CPU
		{50A05B5F-E3C7-40E9-8652-62A48FC94017}.Release|Any CPU.ActiveCfg = Release|Any CPU
		{50A05B5F-E3C7-40E9-8652-62A48FC94017}.Release|Any CPU.Build.0 = Release|Any CPU
	EndGlobalSection
	GlobalSection(SolutionProperties) = preSolution
		HideSolutionNode = FALSE
	EndGlobalSection
	GlobalSection(ExtensibilityGlobals) = postSolution
		SolutionGuid = {FD331A1D-16DD-4339-8294-5C601F805B36}
	EndGlobalSection
EndGlobal
